
Microsoft Visual Studio Solution File, Format Version 12.00
# Visual Studio Version 16
VisualStudioVersion = 16.0.29509.3
MinimumVisualStudioVersion = 10.0.40219.1
Project("{FAE04EC0-301F-11D3-BF4B-00C04F79EFBC}") = "Exercise01", "Exercise01\Exercise01.csproj", "{9F66C3CE-685A-486C-A9DC-C6D965CC873E}"
EndProject
Global
	GlobalSection(SolutionConfigurationPlatforms) = preSolution
		Debug|Any CPU = Debug|Any CPU
		Release|Any CPU = Release|Any CPU
	EndGlobalSection
	GlobalSection(ProjectConfigurationPlatforms) = postSolution
		{9F66C3CE-685A-486C-A9DC-C6D965CC873E}.Debug|Any CPU.ActiveCfg = Debug|Any CPU
		{9F66C3CE-685A-486C-A9DC-C6D965CC873E}.Debug|Any CPU.Build.0 = Debug|Any CPU
		{9F66C3CE-685A-486C-A9DC-C6D965CC873E}.Release|Any CPU.ActiveCfg = Release|Any CPU
		{9F66C3CE-685A-486C-A9DC-C6D965CC873E}.Release|Any CPU.Build.0 = Release|Any CPU
	EndGlobalSection
	GlobalSection(SolutionProperties) = preSolution
		HideSolutionNode = FALSE
	EndGlobalSection
	GlobalSection(ExtensibilityGlobals) = postSolution
		SolutionGuid = {4F0C5B1D-8E47-4741-943D-36ABFE6DD2A3}
	EndGlobalSection
EndGlobal
