
Microsoft Visual Studio Solution File, Format Version 12.00
# Visual Studio Version 16
VisualStudioVersion = 16.0.29509.3
MinimumVisualStudioVersion = 10.0.40219.1
Project("{9A19103F-16F7-4668-BE54-9A1E7A4F7556}") = "Exercise01", "Exercise01\Exercise01.csproj", "{9F66C3CE-685A-486C-A9DC-C6D965CC873E}"
EndProject
Project("{9A19103F-16F7-4668-BE54-9A1E7A4F7556}") = "Exercise02", "Exercise02\Exercise02.csproj", "{A6152D74-8604-4E84-8A02-089A34AA73CE}"
EndProject
Project("{9A19103F-16F7-4668-BE54-9A1E7A4F7556}") = "Exercise03", "Exercise03\Exercise03.csproj", "{685740FF-043C-4A66-A7A5-96F112C9E817}"
EndProject
Project("{9A19103F-16F7-4668-BE54-9A1E7A4F7556}") = "Exercise04", "Exercise04\Exercise04.csproj", "{95D3D3CB-FE04-4D13-8A25-97F388CD2081}"
EndProject
Project("{9A19103F-16F7-4668-BE54-9A1E7A4F7556}") = "Exercise05", "Exercise05\Exercise05.csproj", "{795A4918-C474-41A9-8566-8E38C4D6E3BD}"
EndProject
Project("{9A19103F-16F7-4668-BE54-9A1E7A4F7556}") = "Exercise06", "Exercise06\Exercise06.csproj", "{818FF6EC-07D9-4348-A976-D3D4A0EBD8E4}"
EndProject
Project("{9A19103F-16F7-4668-BE54-9A1E7A4F7556}") = "Exercise07", "Exercise07\Exercise07.csproj", "{C257687F-3D94-422D-B0FC-BB620E88C098}"
EndProject
Project("{9A19103F-16F7-4668-BE54-9A1E7A4F7556}") = "Exercise08", "Exercise08\Exercise08.csproj", "{73FF5A18-1855-4C3E-813C-94E17CDF06E1}"
EndProject
Project("{9A19103F-16F7-4668-BE54-9A1E7A4F7556}") = "Exercise09", "Exercise09\Exercise09.csproj", "{4CB9E50F-F31A-4C25-81E2-8AB69FB7AE09}"
EndProject
Project("{9A19103F-16F7-4668-BE54-9A1E7A4F7556}") = "Exercise10", "Exercise10\Exercise10.csproj", "{892D3D1D-98F2-473A-81FD-0349446D4D92}"
EndProject
Project("{9A19103F-16F7-4668-BE54-9A1E7A4F7556}") = "Exercise11", "Exercise11\Exercise11.csproj", "{E1A7BCE3-3C9C-4825-B7F7-16F8A2B54A51}"
EndProject
Project("{9A19103F-16F7-4668-BE54-9A1E7A4F7556}") = "Exercise12", "Exercise12\Exercise12.csproj", "{DC7B8D35-EA0E-4A2F-890D-0B5F64C75422}"
EndProject
Project("{9A19103F-16F7-4668-BE54-9A1E7A4F7556}") = "Exercise13", "Exercise13\Exercise13.csproj", "{5F645BF8-218F-4686-8FE3-9993536915D1}"
EndProject
Project("{9A19103F-16F7-4668-BE54-9A1E7A4F7556}") = "Exercise14", "Exercise14\Exercise14.csproj", "{A47A17B9-A89B-4AF3-9EF3-DC5ACD0E596A}"
EndProject
Project("{9A19103F-16F7-4668-BE54-9A1E7A4F7556}") = "Exercise15", "Exercise15\Exercise15.csproj", "{23C5D49D-D892-48C5-AA53-DB16DE5C7E7A}"
EndProject
Project("{9A19103F-16F7-4668-BE54-9A1E7A4F7556}") = "Exercise16", "Exercise16\Exercise16.csproj", "{DF8B63DA-9920-414E-80C5-95CC48C89EA0}"
EndProject
Project("{9A19103F-16F7-4668-BE54-9A1E7A4F7556}") = "Exercise17", "Exercise17\Exercise17.csproj", "{EB25C331-82CE-4272-AF17-ED4AF1A32419}"
EndProject
Project("{9A19103F-16F7-4668-BE54-9A1E7A4F7556}") = "Exercise18", "Exercise18\Exercise18.csproj", "{7FE4C432-C5A8-4ECA-B0F0-7D5DFA56C0A1}"
EndProject
Project("{9A19103F-16F7-4668-BE54-9A1E7A4F7556}") = "Exercise19", "Exercise19\Exercise19.csproj", "{A233C70E-33E3-4FF4-AADD-C663C838E563}"
EndProject
Project("{9A19103F-16F7-4668-BE54-9A1E7A4F7556}") = "Exercise20", "Exercise20\Exercise20.csproj", "{1321D7CA-8A34-49F5-B23A-4AD55D18B25A}"
EndProject
Project("{9A19103F-16F7-4668-BE54-9A1E7A4F7556}") = "Exercise21", "Exercise21\Exercise21.csproj", "{69C8650C-C226-473D-9D1D-5B2EE27B9CB5}"
EndProject
Project("{9A19103F-16F7-4668-BE54-9A1E7A4F7556}") = "Exercise22", "Exercise22\Exercise22.csproj", "{6EF9F48C-C34B-486E-B5E2-10D62C8446B4}"
EndProject
Project("{9A19103F-16F7-4668-BE54-9A1E7A4F7556}") = "Exercise23", "Exercise23\Exercise23.csproj", "{01AC8177-D1DB-4A66-955C-3A372AA3E77F}"
EndProject
Project("{9A19103F-16F7-4668-BE54-9A1E7A4F7556}") = "Exercise24", "Exercise24\Exercise24.csproj", "{862ABDB0-7E57-4429-91B8-CE8155E0ACBD}"
EndProject
Project("{9A19103F-16F7-4668-BE54-9A1E7A4F7556}") = "Exercise25", "Exercise25\Exercise25.csproj", "{60B68E0E-408F-48C0-B0F6-0C71968374FD}"
EndProject
Project("{9A19103F-16F7-4668-BE54-9A1E7A4F7556}") = "Exercise26", "Exercise26\Exercise26.csproj", "{3C53C598-8D00-46C4-91C0-D77266CFC423}"
EndProject
Project("{9A19103F-16F7-4668-BE54-9A1E7A4F7556}") = "Exercise27", "Exercise27\Exercise27.csproj", "{AEA25499-FB50-4B38-A4C6-472A760E95C8}"
EndProject
Project("{9A19103F-16F7-4668-BE54-9A1E7A4F7556}") = "Exercise28", "Exercise28\Exercise28.csproj", "{E2FA4CC4-3C80-4898-B613-92FCF5BF3421}"
EndProject
Project("{9A19103F-16F7-4668-BE54-9A1E7A4F7556}") = "Exercise29", "Exercise29\Exercise29.csproj", "{7BA9527E-43E2-4821-9971-A246DBB819F7}"
EndProject
Project("{9A19103F-16F7-4668-BE54-9A1E7A4F7556}") = "Exercise30", "Exercise30\Exercise30.csproj", "{48B6E191-493E-4D87-A740-1DD25008EDED}"
EndProject
Project("{9A19103F-16F7-4668-BE54-9A1E7A4F7556}") = "Exercise31", "Exercise31\Exercise31.csproj", "{13755737-B524-4139-8786-2ABB1AC37383}"
EndProject
Project("{9A19103F-16F7-4668-BE54-9A1E7A4F7556}") = "Exercise32", "Exercise32\Exercise32.csproj", "{C435C587-4C77-4C93-B4EB-08A48A0B86C5}"
EndProject
Project("{9A19103F-16F7-4668-BE54-9A1E7A4F7556}") = "Exercise33", "Exercise33\Exercise33.csproj", "{65342B80-C76C-4A5C-9969-6498A4EFDB1B}"
EndProject
Project("{9A19103F-16F7-4668-BE54-9A1E7A4F7556}") = "Exercise34", "Exercise34\Exercise34.csproj", "{D0CF64BF-091C-4120-9934-BB70691A3D89}"
EndProject
Project("{9A19103F-16F7-4668-BE54-9A1E7A4F7556}") = "Exercise35", "Exercise35\Exercise35.csproj", "{8DFC0ED7-CDA6-4DE1-8542-2DA6CF048EA5}"
EndProject
Project("{9A19103F-16F7-4668-BE54-9A1E7A4F7556}") = "Exercise36", "Exercise36\Exercise36.csproj", "{94FEE730-8EFC-4A5D-A457-A33129E43F64}"
EndProject
Project("{9A19103F-16F7-4668-BE54-9A1E7A4F7556}") = "Exercise37", "Exercise37\Exercise37.csproj", "{13529075-1E79-41F3-935F-3AE95474C00C}"
EndProject
Project("{9A19103F-16F7-4668-BE54-9A1E7A4F7556}") = "Exercise38", "Exercise38\Exercise38.csproj", "{FEF1A0F4-C0ED-4FA9-AD24-BDBE21C2B6ED}"
EndProject
Project("{9A19103F-16F7-4668-BE54-9A1E7A4F7556}") = "Exercise39", "Exercise39\Exercise39.csproj", "{B553498A-5725-4778-84C0-1D4A0EE04161}"
EndProject
Project("{9A19103F-16F7-4668-BE54-9A1E7A4F7556}") = "Exercise40", "Exercise40\Exercise40.csproj", "{F35DE929-AD57-4866-9A6E-A383C53306AB}"
EndProject
Project("{9A19103F-16F7-4668-BE54-9A1E7A4F7556}") = "Exercise41", "Exercise41\Exercise41.csproj", "{EF94E877-CF38-456D-9659-226B4D2C44EA}"
EndProject
Project("{9A19103F-16F7-4668-BE54-9A1E7A4F7556}") = "Exercise42", "Exercise42\Exercise42.csproj", "{A74803AA-DBDC-4CD9-82EE-5E0A9B8291E4}"
EndProject
Project("{9A19103F-16F7-4668-BE54-9A1E7A4F7556}") = "Exercise43", "Exercise43\Exercise43.csproj", "{6141F27F-9B28-4D00-AE95-BC4228C813B6}"
EndProject
Project("{FAE04EC0-301F-11D3-BF4B-00C04F79EFBC}") = "Exercise44", "Exercise44\Exercise44.csproj", "{3B52F989-6EDE-4FF3-A749-DF0D8C61A8DF}"
EndProject
Project("{FAE04EC0-301F-11D3-BF4B-00C04F79EFBC}") = "Exercise45", "Exercise45\Exercise45.csproj", "{6FCD6F27-8A28-4923-8939-53205BB7E36F}"
EndProject
Global
	GlobalSection(SolutionConfigurationPlatforms) = preSolution
		Debug|Any CPU = Debug|Any CPU
		Release|Any CPU = Release|Any CPU
	EndGlobalSection
	GlobalSection(ProjectConfigurationPlatforms) = postSolution
		{9F66C3CE-685A-486C-A9DC-C6D965CC873E}.Debug|Any CPU.ActiveCfg = Debug|Any CPU
		{9F66C3CE-685A-486C-A9DC-C6D965CC873E}.Debug|Any CPU.Build.0 = Debug|Any CPU
		{9F66C3CE-685A-486C-A9DC-C6D965CC873E}.Release|Any CPU.ActiveCfg = Release|Any CPU
		{9F66C3CE-685A-486C-A9DC-C6D965CC873E}.Release|Any CPU.Build.0 = Release|Any CPU
		{A6152D74-8604-4E84-8A02-089A34AA73CE}.Debug|Any CPU.ActiveCfg = Debug|Any CPU
		{A6152D74-8604-4E84-8A02-089A34AA73CE}.Debug|Any CPU.Build.0 = Debug|Any CPU
		{A6152D74-8604-4E84-8A02-089A34AA73CE}.Release|Any CPU.ActiveCfg = Release|Any CPU
		{A6152D74-8604-4E84-8A02-089A34AA73CE}.Release|Any CPU.Build.0 = Release|Any CPU
		{685740FF-043C-4A66-A7A5-96F112C9E817}.Debug|Any CPU.ActiveCfg = Debug|Any CPU
		{685740FF-043C-4A66-A7A5-96F112C9E817}.Debug|Any CPU.Build.0 = Debug|Any CPU
		{685740FF-043C-4A66-A7A5-96F112C9E817}.Release|Any CPU.ActiveCfg = Release|Any CPU
		{685740FF-043C-4A66-A7A5-96F112C9E817}.Release|Any CPU.Build.0 = Release|Any CPU
		{95D3D3CB-FE04-4D13-8A25-97F388CD2081}.Debug|Any CPU.ActiveCfg = Debug|Any CPU
		{95D3D3CB-FE04-4D13-8A25-97F388CD2081}.Debug|Any CPU.Build.0 = Debug|Any CPU
		{95D3D3CB-FE04-4D13-8A25-97F388CD2081}.Release|Any CPU.ActiveCfg = Release|Any CPU
		{95D3D3CB-FE04-4D13-8A25-97F388CD2081}.Release|Any CPU.Build.0 = Release|Any CPU
		{795A4918-C474-41A9-8566-8E38C4D6E3BD}.Debug|Any CPU.ActiveCfg = Debug|Any CPU
		{795A4918-C474-41A9-8566-8E38C4D6E3BD}.Debug|Any CPU.Build.0 = Debug|Any CPU
		{795A4918-C474-41A9-8566-8E38C4D6E3BD}.Release|Any CPU.ActiveCfg = Release|Any CPU
		{795A4918-C474-41A9-8566-8E38C4D6E3BD}.Release|Any CPU.Build.0 = Release|Any CPU
		{818FF6EC-07D9-4348-A976-D3D4A0EBD8E4}.Debug|Any CPU.ActiveCfg = Debug|Any CPU
		{818FF6EC-07D9-4348-A976-D3D4A0EBD8E4}.Debug|Any CPU.Build.0 = Debug|Any CPU
		{818FF6EC-07D9-4348-A976-D3D4A0EBD8E4}.Release|Any CPU.ActiveCfg = Release|Any CPU
		{818FF6EC-07D9-4348-A976-D3D4A0EBD8E4}.Release|Any CPU.Build.0 = Release|Any CPU
		{C257687F-3D94-422D-B0FC-BB620E88C098}.Debug|Any CPU.ActiveCfg = Debug|Any CPU
		{C257687F-3D94-422D-B0FC-BB620E88C098}.Debug|Any CPU.Build.0 = Debug|Any CPU
		{C257687F-3D94-422D-B0FC-BB620E88C098}.Release|Any CPU.ActiveCfg = Release|Any CPU
		{C257687F-3D94-422D-B0FC-BB620E88C098}.Release|Any CPU.Build.0 = Release|Any CPU
		{73FF5A18-1855-4C3E-813C-94E17CDF06E1}.Debug|Any CPU.ActiveCfg = Debug|Any CPU
		{73FF5A18-1855-4C3E-813C-94E17CDF06E1}.Debug|Any CPU.Build.0 = Debug|Any CPU
		{73FF5A18-1855-4C3E-813C-94E17CDF06E1}.Release|Any CPU.ActiveCfg = Release|Any CPU
		{73FF5A18-1855-4C3E-813C-94E17CDF06E1}.Release|Any CPU.Build.0 = Release|Any CPU
		{4CB9E50F-F31A-4C25-81E2-8AB69FB7AE09}.Debug|Any CPU.ActiveCfg = Debug|Any CPU
		{4CB9E50F-F31A-4C25-81E2-8AB69FB7AE09}.Debug|Any CPU.Build.0 = Debug|Any CPU
		{4CB9E50F-F31A-4C25-81E2-8AB69FB7AE09}.Release|Any CPU.ActiveCfg = Release|Any CPU
		{4CB9E50F-F31A-4C25-81E2-8AB69FB7AE09}.Release|Any CPU.Build.0 = Release|Any CPU
		{892D3D1D-98F2-473A-81FD-0349446D4D92}.Debug|Any CPU.ActiveCfg = Debug|Any CPU
		{892D3D1D-98F2-473A-81FD-0349446D4D92}.Debug|Any CPU.Build.0 = Debug|Any CPU
		{892D3D1D-98F2-473A-81FD-0349446D4D92}.Release|Any CPU.ActiveCfg = Release|Any CPU
		{892D3D1D-98F2-473A-81FD-0349446D4D92}.Release|Any CPU.Build.0 = Release|Any CPU
		{E1A7BCE3-3C9C-4825-B7F7-16F8A2B54A51}.Debug|Any CPU.ActiveCfg = Debug|Any CPU
		{E1A7BCE3-3C9C-4825-B7F7-16F8A2B54A51}.Debug|Any CPU.Build.0 = Debug|Any CPU
		{E1A7BCE3-3C9C-4825-B7F7-16F8A2B54A51}.Release|Any CPU.ActiveCfg = Release|Any CPU
		{E1A7BCE3-3C9C-4825-B7F7-16F8A2B54A51}.Release|Any CPU.Build.0 = Release|Any CPU
		{DC7B8D35-EA0E-4A2F-890D-0B5F64C75422}.Debug|Any CPU.ActiveCfg = Debug|Any CPU
		{DC7B8D35-EA0E-4A2F-890D-0B5F64C75422}.Debug|Any CPU.Build.0 = Debug|Any CPU
		{DC7B8D35-EA0E-4A2F-890D-0B5F64C75422}.Release|Any CPU.ActiveCfg = Release|Any CPU
		{DC7B8D35-EA0E-4A2F-890D-0B5F64C75422}.Release|Any CPU.Build.0 = Release|Any CPU
		{5F645BF8-218F-4686-8FE3-9993536915D1}.Debug|Any CPU.ActiveCfg = Debug|Any CPU
		{5F645BF8-218F-4686-8FE3-9993536915D1}.Debug|Any CPU.Build.0 = Debug|Any CPU
		{5F645BF8-218F-4686-8FE3-9993536915D1}.Release|Any CPU.ActiveCfg = Release|Any CPU
		{5F645BF8-218F-4686-8FE3-9993536915D1}.Release|Any CPU.Build.0 = Release|Any CPU
		{A47A17B9-A89B-4AF3-9EF3-DC5ACD0E596A}.Debug|Any CPU.ActiveCfg = Debug|Any CPU
		{A47A17B9-A89B-4AF3-9EF3-DC5ACD0E596A}.Debug|Any CPU.Build.0 = Debug|Any CPU
		{A47A17B9-A89B-4AF3-9EF3-DC5ACD0E596A}.Release|Any CPU.ActiveCfg = Release|Any CPU
		{A47A17B9-A89B-4AF3-9EF3-DC5ACD0E596A}.Release|Any CPU.Build.0 = Release|Any CPU
		{23C5D49D-D892-48C5-AA53-DB16DE5C7E7A}.Debug|Any CPU.ActiveCfg = Debug|Any CPU
		{23C5D49D-D892-48C5-AA53-DB16DE5C7E7A}.Debug|Any CPU.Build.0 = Debug|Any CPU
		{23C5D49D-D892-48C5-AA53-DB16DE5C7E7A}.Release|Any CPU.ActiveCfg = Release|Any CPU
		{23C5D49D-D892-48C5-AA53-DB16DE5C7E7A}.Release|Any CPU.Build.0 = Release|Any CPU
		{DF8B63DA-9920-414E-80C5-95CC48C89EA0}.Debug|Any CPU.ActiveCfg = Debug|Any CPU
		{DF8B63DA-9920-414E-80C5-95CC48C89EA0}.Debug|Any CPU.Build.0 = Debug|Any CPU
		{DF8B63DA-9920-414E-80C5-95CC48C89EA0}.Release|Any CPU.ActiveCfg = Release|Any CPU
		{DF8B63DA-9920-414E-80C5-95CC48C89EA0}.Release|Any CPU.Build.0 = Release|Any CPU
		{EB25C331-82CE-4272-AF17-ED4AF1A32419}.Debug|Any CPU.ActiveCfg = Debug|Any CPU
		{EB25C331-82CE-4272-AF17-ED4AF1A32419}.Debug|Any CPU.Build.0 = Debug|Any CPU
		{EB25C331-82CE-4272-AF17-ED4AF1A32419}.Release|Any CPU.ActiveCfg = Release|Any CPU
		{EB25C331-82CE-4272-AF17-ED4AF1A32419}.Release|Any CPU.Build.0 = Release|Any CPU
		{7FE4C432-C5A8-4ECA-B0F0-7D5DFA56C0A1}.Debug|Any CPU.ActiveCfg = Debug|Any CPU
		{7FE4C432-C5A8-4ECA-B0F0-7D5DFA56C0A1}.Debug|Any CPU.Build.0 = Debug|Any CPU
		{7FE4C432-C5A8-4ECA-B0F0-7D5DFA56C0A1}.Release|Any CPU.ActiveCfg = Release|Any CPU
		{7FE4C432-C5A8-4ECA-B0F0-7D5DFA56C0A1}.Release|Any CPU.Build.0 = Release|Any CPU
		{A233C70E-33E3-4FF4-AADD-C663C838E563}.Debug|Any CPU.ActiveCfg = Debug|Any CPU
		{A233C70E-33E3-4FF4-AADD-C663C838E563}.Debug|Any CPU.Build.0 = Debug|Any CPU
		{A233C70E-33E3-4FF4-AADD-C663C838E563}.Release|Any CPU.ActiveCfg = Release|Any CPU
		{A233C70E-33E3-4FF4-AADD-C663C838E563}.Release|Any CPU.Build.0 = Release|Any CPU
		{1321D7CA-8A34-49F5-B23A-4AD55D18B25A}.Debug|Any CPU.ActiveCfg = Debug|Any CPU
		{1321D7CA-8A34-49F5-B23A-4AD55D18B25A}.Debug|Any CPU.Build.0 = Debug|Any CPU
		{1321D7CA-8A34-49F5-B23A-4AD55D18B25A}.Release|Any CPU.ActiveCfg = Release|Any CPU
		{1321D7CA-8A34-49F5-B23A-4AD55D18B25A}.Release|Any CPU.Build.0 = Release|Any CPU
		{69C8650C-C226-473D-9D1D-5B2EE27B9CB5}.Debug|Any CPU.ActiveCfg = Debug|Any CPU
		{69C8650C-C226-473D-9D1D-5B2EE27B9CB5}.Debug|Any CPU.Build.0 = Debug|Any CPU
		{69C8650C-C226-473D-9D1D-5B2EE27B9CB5}.Release|Any CPU.ActiveCfg = Release|Any CPU
		{69C8650C-C226-473D-9D1D-5B2EE27B9CB5}.Release|Any CPU.Build.0 = Release|Any CPU
		{6EF9F48C-C34B-486E-B5E2-10D62C8446B4}.Debug|Any CPU.ActiveCfg = Debug|Any CPU
		{6EF9F48C-C34B-486E-B5E2-10D62C8446B4}.Debug|Any CPU.Build.0 = Debug|Any CPU
		{6EF9F48C-C34B-486E-B5E2-10D62C8446B4}.Release|Any CPU.ActiveCfg = Release|Any CPU
		{6EF9F48C-C34B-486E-B5E2-10D62C8446B4}.Release|Any CPU.Build.0 = Release|Any CPU
		{01AC8177-D1DB-4A66-955C-3A372AA3E77F}.Debug|Any CPU.ActiveCfg = Debug|Any CPU
		{01AC8177-D1DB-4A66-955C-3A372AA3E77F}.Debug|Any CPU.Build.0 = Debug|Any CPU
		{01AC8177-D1DB-4A66-955C-3A372AA3E77F}.Release|Any CPU.ActiveCfg = Release|Any CPU
		{01AC8177-D1DB-4A66-955C-3A372AA3E77F}.Release|Any CPU.Build.0 = Release|Any CPU
		{862ABDB0-7E57-4429-91B8-CE8155E0ACBD}.Debug|Any CPU.ActiveCfg = Debug|Any CPU
		{862ABDB0-7E57-4429-91B8-CE8155E0ACBD}.Debug|Any CPU.Build.0 = Debug|Any CPU
		{862ABDB0-7E57-4429-91B8-CE8155E0ACBD}.Release|Any CPU.ActiveCfg = Release|Any CPU
		{862ABDB0-7E57-4429-91B8-CE8155E0ACBD}.Release|Any CPU.Build.0 = Release|Any CPU
		{60B68E0E-408F-48C0-B0F6-0C71968374FD}.Debug|Any CPU.ActiveCfg = Debug|Any CPU
		{60B68E0E-408F-48C0-B0F6-0C71968374FD}.Debug|Any CPU.Build.0 = Debug|Any CPU
		{60B68E0E-408F-48C0-B0F6-0C71968374FD}.Release|Any CPU.ActiveCfg = Release|Any CPU
		{60B68E0E-408F-48C0-B0F6-0C71968374FD}.Release|Any CPU.Build.0 = Release|Any CPU
		{3C53C598-8D00-46C4-91C0-D77266CFC423}.Debug|Any CPU.ActiveCfg = Debug|Any CPU
		{3C53C598-8D00-46C4-91C0-D77266CFC423}.Debug|Any CPU.Build.0 = Debug|Any CPU
		{3C53C598-8D00-46C4-91C0-D77266CFC423}.Release|Any CPU.ActiveCfg = Release|Any CPU
		{3C53C598-8D00-46C4-91C0-D77266CFC423}.Release|Any CPU.Build.0 = Release|Any CPU
		{AEA25499-FB50-4B38-A4C6-472A760E95C8}.Debug|Any CPU.ActiveCfg = Debug|Any CPU
		{AEA25499-FB50-4B38-A4C6-472A760E95C8}.Debug|Any CPU.Build.0 = Debug|Any CPU
		{AEA25499-FB50-4B38-A4C6-472A760E95C8}.Release|Any CPU.ActiveCfg = Release|Any CPU
		{AEA25499-FB50-4B38-A4C6-472A760E95C8}.Release|Any CPU.Build.0 = Release|Any CPU
		{E2FA4CC4-3C80-4898-B613-92FCF5BF3421}.Debug|Any CPU.ActiveCfg = Debug|Any CPU
		{E2FA4CC4-3C80-4898-B613-92FCF5BF3421}.Debug|Any CPU.Build.0 = Debug|Any CPU
		{E2FA4CC4-3C80-4898-B613-92FCF5BF3421}.Release|Any CPU.ActiveCfg = Release|Any CPU
		{E2FA4CC4-3C80-4898-B613-92FCF5BF3421}.Release|Any CPU.Build.0 = Release|Any CPU
		{7BA9527E-43E2-4821-9971-A246DBB819F7}.Debug|Any CPU.ActiveCfg = Debug|Any CPU
		{7BA9527E-43E2-4821-9971-A246DBB819F7}.Debug|Any CPU.Build.0 = Debug|Any CPU
		{7BA9527E-43E2-4821-9971-A246DBB819F7}.Release|Any CPU.ActiveCfg = Release|Any CPU
		{7BA9527E-43E2-4821-9971-A246DBB819F7}.Release|Any CPU.Build.0 = Release|Any CPU
		{48B6E191-493E-4D87-A740-1DD25008EDED}.Debug|Any CPU.ActiveCfg = Debug|Any CPU
		{48B6E191-493E-4D87-A740-1DD25008EDED}.Debug|Any CPU.Build.0 = Debug|Any CPU
		{48B6E191-493E-4D87-A740-1DD25008EDED}.Release|Any CPU.ActiveCfg = Release|Any CPU
		{48B6E191-493E-4D87-A740-1DD25008EDED}.Release|Any CPU.Build.0 = Release|Any CPU
		{13755737-B524-4139-8786-2ABB1AC37383}.Debug|Any CPU.ActiveCfg = Debug|Any CPU
		{13755737-B524-4139-8786-2ABB1AC37383}.Debug|Any CPU.Build.0 = Debug|Any CPU
		{13755737-B524-4139-8786-2ABB1AC37383}.Release|Any CPU.ActiveCfg = Release|Any CPU
		{13755737-B524-4139-8786-2ABB1AC37383}.Release|Any CPU.Build.0 = Release|Any CPU
		{C435C587-4C77-4C93-B4EB-08A48A0B86C5}.Debug|Any CPU.ActiveCfg = Debug|Any CPU
		{C435C587-4C77-4C93-B4EB-08A48A0B86C5}.Debug|Any CPU.Build.0 = Debug|Any CPU
		{C435C587-4C77-4C93-B4EB-08A48A0B86C5}.Release|Any CPU.ActiveCfg = Release|Any CPU
		{C435C587-4C77-4C93-B4EB-08A48A0B86C5}.Release|Any CPU.Build.0 = Release|Any CPU
		{65342B80-C76C-4A5C-9969-6498A4EFDB1B}.Debug|Any CPU.ActiveCfg = Debug|Any CPU
		{65342B80-C76C-4A5C-9969-6498A4EFDB1B}.Debug|Any CPU.Build.0 = Debug|Any CPU
		{65342B80-C76C-4A5C-9969-6498A4EFDB1B}.Release|Any CPU.ActiveCfg = Release|Any CPU
		{65342B80-C76C-4A5C-9969-6498A4EFDB1B}.Release|Any CPU.Build.0 = Release|Any CPU
		{D0CF64BF-091C-4120-9934-BB70691A3D89}.Debug|Any CPU.ActiveCfg = Debug|Any CPU
		{D0CF64BF-091C-4120-9934-BB70691A3D89}.Debug|Any CPU.Build.0 = Debug|Any CPU
		{D0CF64BF-091C-4120-9934-BB70691A3D89}.Release|Any CPU.ActiveCfg = Release|Any CPU
		{D0CF64BF-091C-4120-9934-BB70691A3D89}.Release|Any CPU.Build.0 = Release|Any CPU
		{8DFC0ED7-CDA6-4DE1-8542-2DA6CF048EA5}.Debug|Any CPU.ActiveCfg = Debug|Any CPU
		{8DFC0ED7-CDA6-4DE1-8542-2DA6CF048EA5}.Debug|Any CPU.Build.0 = Debug|Any CPU
		{8DFC0ED7-CDA6-4DE1-8542-2DA6CF048EA5}.Release|Any CPU.ActiveCfg = Release|Any CPU
		{8DFC0ED7-CDA6-4DE1-8542-2DA6CF048EA5}.Release|Any CPU.Build.0 = Release|Any CPU
		{94FEE730-8EFC-4A5D-A457-A33129E43F64}.Debug|Any CPU.ActiveCfg = Debug|Any CPU
		{94FEE730-8EFC-4A5D-A457-A33129E43F64}.Debug|Any CPU.Build.0 = Debug|Any CPU
		{94FEE730-8EFC-4A5D-A457-A33129E43F64}.Release|Any CPU.ActiveCfg = Release|Any CPU
		{94FEE730-8EFC-4A5D-A457-A33129E43F64}.Release|Any CPU.Build.0 = Release|Any CPU
		{13529075-1E79-41F3-935F-3AE95474C00C}.Debug|Any CPU.ActiveCfg = Debug|Any CPU
		{13529075-1E79-41F3-935F-3AE95474C00C}.Debug|Any CPU.Build.0 = Debug|Any CPU
		{13529075-1E79-41F3-935F-3AE95474C00C}.Release|Any CPU.ActiveCfg = Release|Any CPU
		{13529075-1E79-41F3-935F-3AE95474C00C}.Release|Any CPU.Build.0 = Release|Any CPU
		{FEF1A0F4-C0ED-4FA9-AD24-BDBE21C2B6ED}.Debug|Any CPU.ActiveCfg = Debug|Any CPU
		{FEF1A0F4-C0ED-4FA9-AD24-BDBE21C2B6ED}.Debug|Any CPU.Build.0 = Debug|Any CPU
		{FEF1A0F4-C0ED-4FA9-AD24-BDBE21C2B6ED}.Release|Any CPU.ActiveCfg = Release|Any CPU
		{FEF1A0F4-C0ED-4FA9-AD24-BDBE21C2B6ED}.Release|Any CPU.Build.0 = Release|Any CPU
		{B553498A-5725-4778-84C0-1D4A0EE04161}.Debug|Any CPU.ActiveCfg = Debug|Any CPU
		{B553498A-5725-4778-84C0-1D4A0EE04161}.Debug|Any CPU.Build.0 = Debug|Any CPU
		{B553498A-5725-4778-84C0-1D4A0EE04161}.Release|Any CPU.ActiveCfg = Release|Any CPU
		{B553498A-5725-4778-84C0-1D4A0EE04161}.Release|Any CPU.Build.0 = Release|Any CPU
		{F35DE929-AD57-4866-9A6E-A383C53306AB}.Debug|Any CPU.ActiveCfg = Debug|Any CPU
		{F35DE929-AD57-4866-9A6E-A383C53306AB}.Debug|Any CPU.Build.0 = Debug|Any CPU
		{F35DE929-AD57-4866-9A6E-A383C53306AB}.Release|Any CPU.ActiveCfg = Release|Any CPU
		{F35DE929-AD57-4866-9A6E-A383C53306AB}.Release|Any CPU.Build.0 = Release|Any CPU
		{EF94E877-CF38-456D-9659-226B4D2C44EA}.Debug|Any CPU.ActiveCfg = Debug|Any CPU
		{EF94E877-CF38-456D-9659-226B4D2C44EA}.Debug|Any CPU.Build.0 = Debug|Any CPU
		{EF94E877-CF38-456D-9659-226B4D2C44EA}.Release|Any CPU.ActiveCfg = Release|Any CPU
		{EF94E877-CF38-456D-9659-226B4D2C44EA}.Release|Any CPU.Build.0 = Release|Any CPU
		{A74803AA-DBDC-4CD9-82EE-5E0A9B8291E4}.Debug|Any CPU.ActiveCfg = Debug|Any CPU
		{A74803AA-DBDC-4CD9-82EE-5E0A9B8291E4}.Debug|Any CPU.Build.0 = Debug|Any CPU
		{A74803AA-DBDC-4CD9-82EE-5E0A9B8291E4}.Release|Any CPU.ActiveCfg = Release|Any CPU
		{A74803AA-DBDC-4CD9-82EE-5E0A9B8291E4}.Release|Any CPU.Build.0 = Release|Any CPU
		{6141F27F-9B28-4D00-AE95-BC4228C813B6}.Debug|Any CPU.ActiveCfg = Debug|Any CPU
		{6141F27F-9B28-4D00-AE95-BC4228C813B6}.Debug|Any CPU.Build.0 = Debug|Any CPU
		{6141F27F-9B28-4D00-AE95-BC4228C813B6}.Release|Any CPU.ActiveCfg = Release|Any CPU
		{6141F27F-9B28-4D00-AE95-BC4228C813B6}.Release|Any CPU.Build.0 = Release|Any CPU
		{3B52F989-6EDE-4FF3-A749-DF0D8C61A8DF}.Debug|Any CPU.ActiveCfg = Debug|Any CPU
		{3B52F989-6EDE-4FF3-A749-DF0D8C61A8DF}.Debug|Any CPU.Build.0 = Debug|Any CPU
		{3B52F989-6EDE-4FF3-A749-DF0D8C61A8DF}.Release|Any CPU.ActiveCfg = Release|Any CPU
		{3B52F989-6EDE-4FF3-A749-DF0D8C61A8DF}.Release|Any CPU.Build.0 = Release|Any CPU
		{6FCD6F27-8A28-4923-8939-53205BB7E36F}.Debug|Any CPU.ActiveCfg = Debug|Any CPU
		{6FCD6F27-8A28-4923-8939-53205BB7E36F}.Debug|Any CPU.Build.0 = Debug|Any CPU
		{6FCD6F27-8A28-4923-8939-53205BB7E36F}.Release|Any CPU.ActiveCfg = Release|Any CPU
		{6FCD6F27-8A28-4923-8939-53205BB7E36F}.Release|Any CPU.Build.0 = Release|Any CPU
	EndGlobalSection
	GlobalSection(SolutionProperties) = preSolution
		HideSolutionNode = FALSE
	EndGlobalSection
	GlobalSection(ExtensibilityGlobals) = postSolution
		SolutionGuid = {4F0C5B1D-8E47-4741-943D-36ABFE6DD2A3}
	EndGlobalSection
EndGlobal
